
Microsoft Visual Studio Solution File, Format Version 10.00
# Visual C++ Express 2008
Project("{8BC9CEB8-8B4A-11D0-8D11-00A0C91BC942}") = "csystem_test_support", "csystem_test_support\csystem_test_support.vcproj", "{FDAA9849-E6C2-426A-9F6E-48CB8846B839}"
	ProjectSection(ProjectDependencies) = postProject
		{1CAC7B2F-3ADD-4F55-AAB8-2EB7D7468D48} = {1CAC7B2F-3ADD-4F55-AAB8-2EB7D7468D48}
		{DACD3549-2B19-4D1C-ABBF-76F94B7232A2} = {DACD3549-2B19-4D1C-ABBF-76F94B7232A2}
	EndProjectSection
EndProject
Project("{8BC9CEB8-8B4A-11D0-8D11-00A0C91BC942}") = "libclocale", "libclocale\libclocale.vcproj", "{FFF2FFD1-4BE3-4F08-A64A-D44CE793468F}"
	ProjectSection(ProjectDependencies) = postProject
		{DACD3549-2B19-4D1C-ABBF-76F94B7232A2} = {DACD3549-2B19-4D1C-ABBF-76F94B7232A2}
		{F90DAEEC-C0AB-4F7D-A78A-CE951214D293} = {F90DAEEC-C0AB-4F7D-A78A-CE951214D293}
	EndProjectSection
EndProject
Project("{8BC9CEB8-8B4A-11D0-8D11-00A0C91BC942}") = "libcstring", "libcstring\libcstring.vcproj", "{DACD3549-2B19-4D1C-ABBF-76F94B7232A2}"
EndProject
Project("{8BC9CEB8-8B4A-11D0-8D11-00A0C91BC942}") = "libuna", "libuna\libuna.vcproj", "{DC3445F4-64A7-4BB9-BE95-3A467BC1D682}"
	ProjectSection(ProjectDependencies) = postProject
		{DACD3549-2B19-4D1C-ABBF-76F94B7232A2} = {DACD3549-2B19-4D1C-ABBF-76F94B7232A2}
		{F90DAEEC-C0AB-4F7D-A78A-CE951214D293} = {F90DAEEC-C0AB-4F7D-A78A-CE951214D293}
	EndProjectSection
EndProject
Project("{8BC9CEB8-8B4A-11D0-8D11-00A0C91BC942}") = "libcerror", "libcerror\libcerror.vcproj", "{F90DAEEC-C0AB-4F7D-A78A-CE951214D293}"
	ProjectSection(ProjectDependencies) = postProject
		{DACD3549-2B19-4D1C-ABBF-76F94B7232A2} = {DACD3549-2B19-4D1C-ABBF-76F94B7232A2}
	EndProjectSection
EndProject
Project("{8BC9CEB8-8B4A-11D0-8D11-00A0C91BC942}") = "libcnotify", "libcnotify\libcnotify.vcproj", "{2152C28B-C07A-4D8C-853A-1B6FF99BCDB2}"
	ProjectSection(ProjectDependencies) = postProject
		{DACD3549-2B19-4D1C-ABBF-76F94B7232A2} = {DACD3549-2B19-4D1C-ABBF-76F94B7232A2}
		{F90DAEEC-C0AB-4F7D-A78A-CE951214D293} = {F90DAEEC-C0AB-4F7D-A78A-CE951214D293}
	EndProjectSection
EndProject
Project("{8BC9CEB8-8B4A-11D0-8D11-00A0C91BC942}") = "libcsystem", "libcsystem\libcsystem.vcproj", "{1CAC7B2F-3ADD-4F55-AAB8-2EB7D7468D48}"
	ProjectSection(ProjectDependencies) = postProject
		{DACD3549-2B19-4D1C-ABBF-76F94B7232A2} = {DACD3549-2B19-4D1C-ABBF-76F94B7232A2}
		{F90DAEEC-C0AB-4F7D-A78A-CE951214D293} = {F90DAEEC-C0AB-4F7D-A78A-CE951214D293}
		{FFF2FFD1-4BE3-4F08-A64A-D44CE793468F} = {FFF2FFD1-4BE3-4F08-A64A-D44CE793468F}
		{2152C28B-C07A-4D8C-853A-1B6FF99BCDB2} = {2152C28B-C07A-4D8C-853A-1B6FF99BCDB2}
		{DC3445F4-64A7-4BB9-BE95-3A467BC1D682} = {DC3445F4-64A7-4BB9-BE95-3A467BC1D682}
	EndProjectSection
EndProject
Global
	GlobalSection(SolutionConfigurationPlatforms) = preSolution
		Release|Win32 = Release|Win32
		VSDebug|Win32 = VSDebug|Win32
	EndGlobalSection
	GlobalSection(ProjectConfigurationPlatforms) = postSolution
		{FDAA9849-E6C2-426A-9F6E-48CB8846B839}.Release|Win32.ActiveCfg = Release|Win32
		{FDAA9849-E6C2-426A-9F6E-48CB8846B839}.Release|Win32.Build.0 = Release|Win32
		{FDAA9849-E6C2-426A-9F6E-48CB8846B839}.VSDebug|Win32.ActiveCfg = VSDebug|Win32
		{FDAA9849-E6C2-426A-9F6E-48CB8846B839}.VSDebug|Win32.Build.0 = VSDebug|Win32
		{FFF2FFD1-4BE3-4F08-A64A-D44CE793468F}.Release|Win32.ActiveCfg = Release|Win32
		{FFF2FFD1-4BE3-4F08-A64A-D44CE793468F}.Release|Win32.Build.0 = Release|Win32
		{FFF2FFD1-4BE3-4F08-A64A-D44CE793468F}.VSDebug|Win32.ActiveCfg = VSDebug|Win32
		{FFF2FFD1-4BE3-4F08-A64A-D44CE793468F}.VSDebug|Win32.Build.0 = VSDebug|Win32
		{DACD3549-2B19-4D1C-ABBF-76F94B7232A2}.Release|Win32.ActiveCfg = Release|Win32
		{DACD3549-2B19-4D1C-ABBF-76F94B7232A2}.Release|Win32.Build.0 = Release|Win32
		{DACD3549-2B19-4D1C-ABBF-76F94B7232A2}.VSDebug|Win32.ActiveCfg = VSDebug|Win32
		{DACD3549-2B19-4D1C-ABBF-76F94B7232A2}.VSDebug|Win32.Build.0 = VSDebug|Win32
		{DC3445F4-64A7-4BB9-BE95-3A467BC1D682}.Release|Win32.ActiveCfg = Release|Win32
		{DC3445F4-64A7-4BB9-BE95-3A467BC1D682}.Release|Win32.Build.0 = Release|Win32
		{DC3445F4-64A7-4BB9-BE95-3A467BC1D682}.VSDebug|Win32.ActiveCfg = VSDebug|Win32
		{DC3445F4-64A7-4BB9-BE95-3A467BC1D682}.VSDebug|Win32.Build.0 = VSDebug|Win32
		{F90DAEEC-C0AB-4F7D-A78A-CE951214D293}.Release|Win32.ActiveCfg = Release|Win32
		{F90DAEEC-C0AB-4F7D-A78A-CE951214D293}.Release|Win32.Build.0 = Release|Win32
		{F90DAEEC-C0AB-4F7D-A78A-CE951214D293}.VSDebug|Win32.ActiveCfg = VSDebug|Win32
		{F90DAEEC-C0AB-4F7D-A78A-CE951214D293}.VSDebug|Win32.Build.0 = VSDebug|Win32
		{2152C28B-C07A-4D8C-853A-1B6FF99BCDB2}.Release|Win32.ActiveCfg = Release|Win32
		{2152C28B-C07A-4D8C-853A-1B6FF99BCDB2}.Release|Win32.Build.0 = Release|Win32
		{2152C28B-C07A-4D8C-853A-1B6FF99BCDB2}.VSDebug|Win32.ActiveCfg = VSDebug|Win32
		{2152C28B-C07A-4D8C-853A-1B6FF99BCDB2}.VSDebug|Win32.Build.0 = VSDebug|Win32
		{1CAC7B2F-3ADD-4F55-AAB8-2EB7D7468D48}.Release|Win32.ActiveCfg = Release|Win32
		{1CAC7B2F-3ADD-4F55-AAB8-2EB7D7468D48}.Release|Win32.Build.0 = Release|Win32
		{1CAC7B2F-3ADD-4F55-AAB8-2EB7D7468D48}.VSDebug|Win32.ActiveCfg = VSDebug|Win32
		{1CAC7B2F-3ADD-4F55-AAB8-2EB7D7468D48}.VSDebug|Win32.Build.0 = VSDebug|Win32
	EndGlobalSection
	GlobalSection(SolutionProperties) = preSolution
		HideSolutionNode = FALSE
	EndGlobalSection
EndGlobal
